
Microsoft Visual Studio Solution File, Format Version 12.00
# Visual Studio Version 17
VisualStudioVersion = 17.1.32319.34
MinimumVisualStudioVersion = 10.0.40219.1
Project("{FAE04EC0-301F-11D3-BF4B-00C04F79EFBC}") = "Compilador.API", "Compilador.API\Compilador.API.csproj", "{2D5BC360-FC96-41C7-BAEE-7AC132E56ED5}"
EndProject
Global
	GlobalSection(SolutionConfigurationPlatforms) = preSolution
		Debug|Any CPU = Debug|Any CPU
		Release|Any CPU = Release|Any CPU
	EndGlobalSection
	GlobalSection(ProjectConfigurationPlatforms) = postSolution
		{2D5BC360-FC96-41C7-BAEE-7AC132E56ED5}.Debug|Any CPU.ActiveCfg = Debug|Any CPU
		{2D5BC360-FC96-41C7-BAEE-7AC132E56ED5}.Debug|Any CPU.Build.0 = Debug|Any CPU
		{2D5BC360-FC96-41C7-BAEE-7AC132E56ED5}.Release|Any CPU.ActiveCfg = Release|Any CPU
		{2D5BC360-FC96-41C7-BAEE-7AC132E56ED5}.Release|Any CPU.Build.0 = Release|Any CPU
	EndGlobalSection
	GlobalSection(SolutionProperties) = preSolution
		HideSolutionNode = FALSE
	EndGlobalSection
	GlobalSection(ExtensibilityGlobals) = postSolution
		SolutionGuid = {AF399CE9-6173-4F19-A2CC-55330662E1B2}
	EndGlobalSection
EndGlobal
